
Microsoft Visual Studio Solution File, Format Version 12.00
# Visual Studio Version 17
VisualStudioVersion = 17.3.32825.248
MinimumVisualStudioVersion = 10.0.40219.1
Project("{9A19103F-16F7-4668-BE54-9A1E7A4F7556}") = "BusinessObjects", "BusinessObjects\BusinessObjects.csproj", "{80C43A19-8CA5-4886-AC2A-C4CB30125F77}"
EndProject
Project("{9A19103F-16F7-4668-BE54-9A1E7A4F7556}") = "DataAccess", "DataAccess\DataAccess.csproj", "{90EB513C-E46A-4C90-9422-728C57AFE5A9}"
EndProject
Project("{9A19103F-16F7-4668-BE54-9A1E7A4F7556}") = "Repositories", "Repositories\Repositories.csproj", "{962E6E12-CA28-42F0-8FA2-9A152E0A5844}"
EndProject
Project("{9A19103F-16F7-4668-BE54-9A1E7A4F7556}") = "VegeFoodAPI", "VegeFoodAPI\VegeFoodAPI.csproj", "{7155997A-784A-4353-A054-862D6BB0F059}"
EndProject
Project("{FAE04EC0-301F-11D3-BF4B-00C04F79EFBC}") = "VegeFoodWebClient", "VegeFoodWebClient\VegeFoodWebClient.csproj", "{50BF5967-6C06-425F-8F9E-E0B90D496EB9}"
EndProject
Global
	GlobalSection(SolutionConfigurationPlatforms) = preSolution
		Debug|Any CPU = Debug|Any CPU
		Release|Any CPU = Release|Any CPU
	EndGlobalSection
	GlobalSection(ProjectConfigurationPlatforms) = postSolution
		{80C43A19-8CA5-4886-AC2A-C4CB30125F77}.Debug|Any CPU.ActiveCfg = Debug|Any CPU
		{80C43A19-8CA5-4886-AC2A-C4CB30125F77}.Debug|Any CPU.Build.0 = Debug|Any CPU
		{80C43A19-8CA5-4886-AC2A-C4CB30125F77}.Release|Any CPU.ActiveCfg = Release|Any CPU
		{80C43A19-8CA5-4886-AC2A-C4CB30125F77}.Release|Any CPU.Build.0 = Release|Any CPU
		{90EB513C-E46A-4C90-9422-728C57AFE5A9}.Debug|Any CPU.ActiveCfg = Debug|Any CPU
		{90EB513C-E46A-4C90-9422-728C57AFE5A9}.Debug|Any CPU.Build.0 = Debug|Any CPU
		{90EB513C-E46A-4C90-9422-728C57AFE5A9}.Release|Any CPU.ActiveCfg = Release|Any CPU
		{90EB513C-E46A-4C90-9422-728C57AFE5A9}.Release|Any CPU.Build.0 = Release|Any CPU
		{962E6E12-CA28-42F0-8FA2-9A152E0A5844}.Debug|Any CPU.ActiveCfg = Debug|Any CPU
		{962E6E12-CA28-42F0-8FA2-9A152E0A5844}.Debug|Any CPU.Build.0 = Debug|Any CPU
		{962E6E12-CA28-42F0-8FA2-9A152E0A5844}.Release|Any CPU.ActiveCfg = Release|Any CPU
		{962E6E12-CA28-42F0-8FA2-9A152E0A5844}.Release|Any CPU.Build.0 = Release|Any CPU
		{7155997A-784A-4353-A054-862D6BB0F059}.Debug|Any CPU.ActiveCfg = Debug|Any CPU
		{7155997A-784A-4353-A054-862D6BB0F059}.Debug|Any CPU.Build.0 = Debug|Any CPU
		{7155997A-784A-4353-A054-862D6BB0F059}.Release|Any CPU.ActiveCfg = Release|Any CPU
		{7155997A-784A-4353-A054-862D6BB0F059}.Release|Any CPU.Build.0 = Release|Any CPU
		{50BF5967-6C06-425F-8F9E-E0B90D496EB9}.Debug|Any CPU.ActiveCfg = Debug|Any CPU
		{50BF5967-6C06-425F-8F9E-E0B90D496EB9}.Debug|Any CPU.Build.0 = Debug|Any CPU
		{50BF5967-6C06-425F-8F9E-E0B90D496EB9}.Release|Any CPU.ActiveCfg = Release|Any CPU
		{50BF5967-6C06-425F-8F9E-E0B90D496EB9}.Release|Any CPU.Build.0 = Release|Any CPU
	EndGlobalSection
	GlobalSection(SolutionProperties) = preSolution
		HideSolutionNode = FALSE
	EndGlobalSection
	GlobalSection(ExtensibilityGlobals) = postSolution
		SolutionGuid = {B339DEB2-88CC-44DA-8B3A-7277075F9AB7}
	EndGlobalSection
EndGlobal
